
Microsoft Visual Studio Solution File, Format Version 12.00
# Visual Studio Version 17
VisualStudioVersion = 17.0.32112.339
MinimumVisualStudioVersion = 10.0.40219.1
Project("{9A19103F-16F7-4668-BE54-9A1E7A4F7556}") = "Office_2.UI", "Office_2.UI\Office_2.UI.csproj", "{12A2EB43-B1C4-47A5-A89A-77704C5FEA49}"
EndProject
Project("{FAE04EC0-301F-11D3-BF4B-00C04F79EFBC}") = "Office_2.Tests", "Office_2.Tests\Office_2.Tests.csproj", "{8C08F9DD-B621-48E5-90D5-52CD96102289}"
EndProject
Project("{FAE04EC0-301F-11D3-BF4B-00C04F79EFBC}") = "Office_2.BusinessLayer", "Office_2.BusinessLayer\Office_2.BusinessLayer.csproj", "{65EE73C3-695B-4C3A-9F21-7B6F8F0FBB62}"
EndProject
Global
	GlobalSection(SolutionConfigurationPlatforms) = preSolution
		Debug|Any CPU = Debug|Any CPU
		Release|Any CPU = Release|Any CPU
	EndGlobalSection
	GlobalSection(ProjectConfigurationPlatforms) = postSolution
		{12A2EB43-B1C4-47A5-A89A-77704C5FEA49}.Debug|Any CPU.ActiveCfg = Debug|Any CPU
		{12A2EB43-B1C4-47A5-A89A-77704C5FEA49}.Debug|Any CPU.Build.0 = Debug|Any CPU
		{12A2EB43-B1C4-47A5-A89A-77704C5FEA49}.Release|Any CPU.ActiveCfg = Release|Any CPU
		{12A2EB43-B1C4-47A5-A89A-77704C5FEA49}.Release|Any CPU.Build.0 = Release|Any CPU
		{8C08F9DD-B621-48E5-90D5-52CD96102289}.Debug|Any CPU.ActiveCfg = Debug|Any CPU
		{8C08F9DD-B621-48E5-90D5-52CD96102289}.Debug|Any CPU.Build.0 = Debug|Any CPU
		{8C08F9DD-B621-48E5-90D5-52CD96102289}.Release|Any CPU.ActiveCfg = Release|Any CPU
		{8C08F9DD-B621-48E5-90D5-52CD96102289}.Release|Any CPU.Build.0 = Release|Any CPU
		{65EE73C3-695B-4C3A-9F21-7B6F8F0FBB62}.Debug|Any CPU.ActiveCfg = Debug|Any CPU
		{65EE73C3-695B-4C3A-9F21-7B6F8F0FBB62}.Debug|Any CPU.Build.0 = Debug|Any CPU
		{65EE73C3-695B-4C3A-9F21-7B6F8F0FBB62}.Release|Any CPU.ActiveCfg = Release|Any CPU
		{65EE73C3-695B-4C3A-9F21-7B6F8F0FBB62}.Release|Any CPU.Build.0 = Release|Any CPU
	EndGlobalSection
	GlobalSection(SolutionProperties) = preSolution
		HideSolutionNode = FALSE
	EndGlobalSection
	GlobalSection(ExtensibilityGlobals) = postSolution
		SolutionGuid = {060823E7-DC7C-4649-8F7D-F94F812F0920}
	EndGlobalSection
EndGlobal
